
Microsoft Visual Studio Solution File, Format Version 12.00
# Visual Studio 2013
VisualStudioVersion = 12.0.40629.0
MinimumVisualStudioVersion = 10.0.40219.1
Project("{FAE04EC0-301F-11D3-BF4B-00C04F79EFBC}") = "ProjectBase.Data", "ProjectBase.Data\ProjectBase.Data.csproj", "{C62BBC4C-A53E-4018-8143-24C6D148AF43}"
	ProjectSection(ProjectDependencies) = postProject
		{8EA084B4-ABDE-4E12-9C84-75ADB9D6CC67} = {8EA084B4-ABDE-4E12-9C84-75ADB9D6CC67}
	EndProjectSection
EndProject
Project("{FAE04EC0-301F-11D3-BF4B-00C04F79EFBC}") = "ProjectBase.Utils", "ProjectBase.Utils\ProjectBase.Utils.csproj", "{8EA084B4-ABDE-4E12-9C84-75ADB9D6CC67}"
EndProject
Project("{FAE04EC0-301F-11D3-BF4B-00C04F79EFBC}") = "Enterprise.CoreData", "Enterprise.CoreData\Enterprise.CoreData.csproj", "{AB34E736-DC71-417A-B763-7CF218D5B5D6}"
	ProjectSection(ProjectDependencies) = postProject
		{C62BBC4C-A53E-4018-8143-24C6D148AF43} = {C62BBC4C-A53E-4018-8143-24C6D148AF43}
		{8EA084B4-ABDE-4E12-9C84-75ADB9D6CC67} = {8EA084B4-ABDE-4E12-9C84-75ADB9D6CC67}
	EndProjectSection
EndProject
Project("{FAE04EC0-301F-11D3-BF4B-00C04F79EFBC}") = "Enterprise.Web", "Enterprise.Web\Enterprise.Web.csproj", "{0D96CBF4-FFFE-4916-B165-B1A428887130}"
	ProjectSection(ProjectDependencies) = postProject
		{AB34E736-DC71-417A-B763-7CF218D5B5D6} = {AB34E736-DC71-417A-B763-7CF218D5B5D6}
		{C62BBC4C-A53E-4018-8143-24C6D148AF43} = {C62BBC4C-A53E-4018-8143-24C6D148AF43}
		{E3D9A16C-BEDF-441B-AE8D-E4843840DBEC} = {E3D9A16C-BEDF-441B-AE8D-E4843840DBEC}
		{8EA084B4-ABDE-4E12-9C84-75ADB9D6CC67} = {8EA084B4-ABDE-4E12-9C84-75ADB9D6CC67}
	EndProjectSection
EndProject
Project("{FAE04EC0-301F-11D3-BF4B-00C04F79EFBC}") = "Enterprise.NUnitTests.Data", "Enterprise.NUnitTests.Data\Enterprise.NUnitTests.Data.csproj", "{8C6B7D9A-DDA3-4FBA-8B1E-DFFBAEDE7C81}"
	ProjectSection(ProjectDependencies) = postProject
		{5508730A-6647-466C-9C02-B98FB8BC49B7} = {5508730A-6647-466C-9C02-B98FB8BC49B7}
		{10E20521-E36C-462B-A867-15DB624A0C8C} = {10E20521-E36C-462B-A867-15DB624A0C8C}
		{AB34E736-DC71-417A-B763-7CF218D5B5D6} = {AB34E736-DC71-417A-B763-7CF218D5B5D6}
		{EB24B349-609C-41FB-9CE0-5DB696A47CA3} = {EB24B349-609C-41FB-9CE0-5DB696A47CA3}
		{C62BBC4C-A53E-4018-8143-24C6D148AF43} = {C62BBC4C-A53E-4018-8143-24C6D148AF43}
		{E3D9A16C-BEDF-441B-AE8D-E4843840DBEC} = {E3D9A16C-BEDF-441B-AE8D-E4843840DBEC}
		{9D5DFE97-EBEC-402E-A70E-E5F897F0AD9D} = {9D5DFE97-EBEC-402E-A70E-E5F897F0AD9D}
		{8EA084B4-ABDE-4E12-9C84-75ADB9D6CC67} = {8EA084B4-ABDE-4E12-9C84-75ADB9D6CC67}
	EndProjectSection
EndProject
Project("{FAE04EC0-301F-11D3-BF4B-00C04F79EFBC}") = "DXLibraryClient", "DXApplication1\DXLibraryClient\DXLibraryClient.csproj", "{B87BD747-6DEC-4FAF-B405-68C1F668EFEC}"
	ProjectSection(ProjectDependencies) = postProject
		{5508730A-6647-466C-9C02-B98FB8BC49B7} = {5508730A-6647-466C-9C02-B98FB8BC49B7}
		{10E20521-E36C-462B-A867-15DB624A0C8C} = {10E20521-E36C-462B-A867-15DB624A0C8C}
		{EB24B349-609C-41FB-9CE0-5DB696A47CA3} = {EB24B349-609C-41FB-9CE0-5DB696A47CA3}
		{C62BBC4C-A53E-4018-8143-24C6D148AF43} = {C62BBC4C-A53E-4018-8143-24C6D148AF43}
		{9D5DFE97-EBEC-402E-A70E-E5F897F0AD9D} = {9D5DFE97-EBEC-402E-A70E-E5F897F0AD9D}
		{8EA084B4-ABDE-4E12-9C84-75ADB9D6CC67} = {8EA084B4-ABDE-4E12-9C84-75ADB9D6CC67}
	EndProjectSection
EndProject
Project("{FAE04EC0-301F-11D3-BF4B-00C04F79EFBC}") = "Enterprise.Model", "Enterprise.Model\Enterprise.Model.csproj", "{5508730A-6647-466C-9C02-B98FB8BC49B7}"
	ProjectSection(ProjectDependencies) = postProject
		{C62BBC4C-A53E-4018-8143-24C6D148AF43} = {C62BBC4C-A53E-4018-8143-24C6D148AF43}
		{8EA084B4-ABDE-4E12-9C84-75ADB9D6CC67} = {8EA084B4-ABDE-4E12-9C84-75ADB9D6CC67}
	EndProjectSection
EndProject
Project("{FAE04EC0-301F-11D3-BF4B-00C04F79EFBC}") = "TestUI", "TestUI\TestUI.csproj", "{283EF59F-F9D9-4674-8945-E9518DB69860}"
EndProject
Project("{FAE04EC0-301F-11D3-BF4B-00C04F79EFBC}") = "LibraryClient", "LibraryClient\LibraryClient.csproj", "{9D5DFE97-EBEC-402E-A70E-E5F897F0AD9D}"
	ProjectSection(ProjectDependencies) = postProject
		{5508730A-6647-466C-9C02-B98FB8BC49B7} = {5508730A-6647-466C-9C02-B98FB8BC49B7}
		{10E20521-E36C-462B-A867-15DB624A0C8C} = {10E20521-E36C-462B-A867-15DB624A0C8C}
		{AB34E736-DC71-417A-B763-7CF218D5B5D6} = {AB34E736-DC71-417A-B763-7CF218D5B5D6}
		{C62BBC4C-A53E-4018-8143-24C6D148AF43} = {C62BBC4C-A53E-4018-8143-24C6D148AF43}
		{8EA084B4-ABDE-4E12-9C84-75ADB9D6CC67} = {8EA084B4-ABDE-4E12-9C84-75ADB9D6CC67}
	EndProjectSection
EndProject
Project("{FAE04EC0-301F-11D3-BF4B-00C04F79EFBC}") = "Enterprise.Overspesification.Services", "Enterprise.Overspesification.Services\Enterprise.Overspesification.Services.csproj", "{10E20521-E36C-462B-A867-15DB624A0C8C}"
	ProjectSection(ProjectDependencies) = postProject
		{5508730A-6647-466C-9C02-B98FB8BC49B7} = {5508730A-6647-466C-9C02-B98FB8BC49B7}
		{C62BBC4C-A53E-4018-8143-24C6D148AF43} = {C62BBC4C-A53E-4018-8143-24C6D148AF43}
	EndProjectSection
EndProject
Project("{FAE04EC0-301F-11D3-BF4B-00C04F79EFBC}") = "Enterprise.Services", "Enterprise.Services\Enterprise.Services.csproj", "{EB24B349-609C-41FB-9CE0-5DB696A47CA3}"
	ProjectSection(ProjectDependencies) = postProject
		{5508730A-6647-466C-9C02-B98FB8BC49B7} = {5508730A-6647-466C-9C02-B98FB8BC49B7}
		{10E20521-E36C-462B-A867-15DB624A0C8C} = {10E20521-E36C-462B-A867-15DB624A0C8C}
		{AB34E736-DC71-417A-B763-7CF218D5B5D6} = {AB34E736-DC71-417A-B763-7CF218D5B5D6}
		{C62BBC4C-A53E-4018-8143-24C6D148AF43} = {C62BBC4C-A53E-4018-8143-24C6D148AF43}
		{E3D9A16C-BEDF-441B-AE8D-E4843840DBEC} = {E3D9A16C-BEDF-441B-AE8D-E4843840DBEC}
		{8EA084B4-ABDE-4E12-9C84-75ADB9D6CC67} = {8EA084B4-ABDE-4E12-9C84-75ADB9D6CC67}
	EndProjectSection
EndProject
Project("{FAE04EC0-301F-11D3-BF4B-00C04F79EFBC}") = "Enterprise.Data", "Enterprise.Data\Enterprise.Data.csproj", "{E3D9A16C-BEDF-441B-AE8D-E4843840DBEC}"
	ProjectSection(ProjectDependencies) = postProject
		{AB34E736-DC71-417A-B763-7CF218D5B5D6} = {AB34E736-DC71-417A-B763-7CF218D5B5D6}
		{C62BBC4C-A53E-4018-8143-24C6D148AF43} = {C62BBC4C-A53E-4018-8143-24C6D148AF43}
		{8EA084B4-ABDE-4E12-9C84-75ADB9D6CC67} = {8EA084B4-ABDE-4E12-9C84-75ADB9D6CC67}
	EndProjectSection
EndProject
Global
	GlobalSection(SolutionConfigurationPlatforms) = preSolution
		Debug|Any CPU = Debug|Any CPU
		Debug|x64 = Debug|x64
		Debug|x86 = Debug|x86
		Release|Any CPU = Release|Any CPU
		Release|x64 = Release|x64
		Release|x86 = Release|x86
	EndGlobalSection
	GlobalSection(ProjectConfigurationPlatforms) = postSolution
		{C62BBC4C-A53E-4018-8143-24C6D148AF43}.Debug|Any CPU.ActiveCfg = Debug|Any CPU
		{C62BBC4C-A53E-4018-8143-24C6D148AF43}.Debug|Any CPU.Build.0 = Debug|Any CPU
		{C62BBC4C-A53E-4018-8143-24C6D148AF43}.Debug|x64.ActiveCfg = Debug|Any CPU
		{C62BBC4C-A53E-4018-8143-24C6D148AF43}.Debug|x86.ActiveCfg = Debug|Any CPU
		{C62BBC4C-A53E-4018-8143-24C6D148AF43}.Release|Any CPU.ActiveCfg = Release|Any CPU
		{C62BBC4C-A53E-4018-8143-24C6D148AF43}.Release|Any CPU.Build.0 = Release|Any CPU
		{C62BBC4C-A53E-4018-8143-24C6D148AF43}.Release|x64.ActiveCfg = Release|Any CPU
		{C62BBC4C-A53E-4018-8143-24C6D148AF43}.Release|x86.ActiveCfg = Release|Any CPU
		{8EA084B4-ABDE-4E12-9C84-75ADB9D6CC67}.Debug|Any CPU.ActiveCfg = Debug|Any CPU
		{8EA084B4-ABDE-4E12-9C84-75ADB9D6CC67}.Debug|Any CPU.Build.0 = Debug|Any CPU
		{8EA084B4-ABDE-4E12-9C84-75ADB9D6CC67}.Debug|x64.ActiveCfg = Debug|Any CPU
		{8EA084B4-ABDE-4E12-9C84-75ADB9D6CC67}.Debug|x86.ActiveCfg = Debug|Any CPU
		{8EA084B4-ABDE-4E12-9C84-75ADB9D6CC67}.Release|Any CPU.ActiveCfg = Release|Any CPU
		{8EA084B4-ABDE-4E12-9C84-75ADB9D6CC67}.Release|Any CPU.Build.0 = Release|Any CPU
		{8EA084B4-ABDE-4E12-9C84-75ADB9D6CC67}.Release|x64.ActiveCfg = Release|Any CPU
		{8EA084B4-ABDE-4E12-9C84-75ADB9D6CC67}.Release|x86.ActiveCfg = Release|Any CPU
		{AB34E736-DC71-417A-B763-7CF218D5B5D6}.Debug|Any CPU.ActiveCfg = Debug|Any CPU
		{AB34E736-DC71-417A-B763-7CF218D5B5D6}.Debug|Any CPU.Build.0 = Debug|Any CPU
		{AB34E736-DC71-417A-B763-7CF218D5B5D6}.Debug|x64.ActiveCfg = Debug|Any CPU
		{AB34E736-DC71-417A-B763-7CF218D5B5D6}.Debug|x86.ActiveCfg = Debug|Any CPU
		{AB34E736-DC71-417A-B763-7CF218D5B5D6}.Release|Any CPU.ActiveCfg = Release|Any CPU
		{AB34E736-DC71-417A-B763-7CF218D5B5D6}.Release|Any CPU.Build.0 = Release|Any CPU
		{AB34E736-DC71-417A-B763-7CF218D5B5D6}.Release|x64.ActiveCfg = Release|Any CPU
		{AB34E736-DC71-417A-B763-7CF218D5B5D6}.Release|x86.ActiveCfg = Release|Any CPU
		{0D96CBF4-FFFE-4916-B165-B1A428887130}.Debug|Any CPU.ActiveCfg = Debug|Any CPU
		{0D96CBF4-FFFE-4916-B165-B1A428887130}.Debug|Any CPU.Build.0 = Debug|Any CPU
		{0D96CBF4-FFFE-4916-B165-B1A428887130}.Debug|x64.ActiveCfg = Debug|x64
		{0D96CBF4-FFFE-4916-B165-B1A428887130}.Debug|x64.Build.0 = Debug|x64
		{0D96CBF4-FFFE-4916-B165-B1A428887130}.Debug|x86.ActiveCfg = Debug|Any CPU
		{0D96CBF4-FFFE-4916-B165-B1A428887130}.Release|Any CPU.ActiveCfg = Release|Any CPU
		{0D96CBF4-FFFE-4916-B165-B1A428887130}.Release|Any CPU.Build.0 = Release|Any CPU
		{0D96CBF4-FFFE-4916-B165-B1A428887130}.Release|x64.ActiveCfg = Release|x64
		{0D96CBF4-FFFE-4916-B165-B1A428887130}.Release|x64.Build.0 = Release|x64
		{0D96CBF4-FFFE-4916-B165-B1A428887130}.Release|x86.ActiveCfg = Release|Any CPU
		{8C6B7D9A-DDA3-4FBA-8B1E-DFFBAEDE7C81}.Debug|Any CPU.ActiveCfg = Debug|Any CPU
		{8C6B7D9A-DDA3-4FBA-8B1E-DFFBAEDE7C81}.Debug|Any CPU.Build.0 = Debug|Any CPU
		{8C6B7D9A-DDA3-4FBA-8B1E-DFFBAEDE7C81}.Debug|x64.ActiveCfg = Debug|Any CPU
		{8C6B7D9A-DDA3-4FBA-8B1E-DFFBAEDE7C81}.Debug|x86.ActiveCfg = Debug|Any CPU
		{8C6B7D9A-DDA3-4FBA-8B1E-DFFBAEDE7C81}.Release|Any CPU.ActiveCfg = Release|Any CPU
		{8C6B7D9A-DDA3-4FBA-8B1E-DFFBAEDE7C81}.Release|Any CPU.Build.0 = Release|Any CPU
		{8C6B7D9A-DDA3-4FBA-8B1E-DFFBAEDE7C81}.Release|x64.ActiveCfg = Release|Any CPU
		{8C6B7D9A-DDA3-4FBA-8B1E-DFFBAEDE7C81}.Release|x86.ActiveCfg = Release|Any CPU
		{B87BD747-6DEC-4FAF-B405-68C1F668EFEC}.Debug|Any CPU.ActiveCfg = Debug|Any CPU
		{B87BD747-6DEC-4FAF-B405-68C1F668EFEC}.Debug|Any CPU.Build.0 = Debug|Any CPU
		{B87BD747-6DEC-4FAF-B405-68C1F668EFEC}.Debug|x64.ActiveCfg = Debug|Any CPU
		{B87BD747-6DEC-4FAF-B405-68C1F668EFEC}.Debug|x86.ActiveCfg = Debug|Any CPU
		{B87BD747-6DEC-4FAF-B405-68C1F668EFEC}.Release|Any CPU.ActiveCfg = Release|Any CPU
		{B87BD747-6DEC-4FAF-B405-68C1F668EFEC}.Release|Any CPU.Build.0 = Release|Any CPU
		{B87BD747-6DEC-4FAF-B405-68C1F668EFEC}.Release|x64.ActiveCfg = Release|Any CPU
		{B87BD747-6DEC-4FAF-B405-68C1F668EFEC}.Release|x86.ActiveCfg = Release|Any CPU
		{5508730A-6647-466C-9C02-B98FB8BC49B7}.Debug|Any CPU.ActiveCfg = Debug|Any CPU
		{5508730A-6647-466C-9C02-B98FB8BC49B7}.Debug|Any CPU.Build.0 = Debug|Any CPU
		{5508730A-6647-466C-9C02-B98FB8BC49B7}.Debug|x64.ActiveCfg = Debug|Any CPU
		{5508730A-6647-466C-9C02-B98FB8BC49B7}.Debug|x86.ActiveCfg = Debug|Any CPU
		{5508730A-6647-466C-9C02-B98FB8BC49B7}.Release|Any CPU.ActiveCfg = Release|Any CPU
		{5508730A-6647-466C-9C02-B98FB8BC49B7}.Release|Any CPU.Build.0 = Release|Any CPU
		{5508730A-6647-466C-9C02-B98FB8BC49B7}.Release|x64.ActiveCfg = Release|Any CPU
		{5508730A-6647-466C-9C02-B98FB8BC49B7}.Release|x86.ActiveCfg = Release|Any CPU
		{283EF59F-F9D9-4674-8945-E9518DB69860}.Debug|Any CPU.ActiveCfg = Debug|Any CPU
		{283EF59F-F9D9-4674-8945-E9518DB69860}.Debug|Any CPU.Build.0 = Debug|Any CPU
		{283EF59F-F9D9-4674-8945-E9518DB69860}.Debug|x64.ActiveCfg = Debug|Any CPU
		{283EF59F-F9D9-4674-8945-E9518DB69860}.Debug|x86.ActiveCfg = Debug|Any CPU
		{283EF59F-F9D9-4674-8945-E9518DB69860}.Release|Any CPU.ActiveCfg = Release|Any CPU
		{283EF59F-F9D9-4674-8945-E9518DB69860}.Release|Any CPU.Build.0 = Release|Any CPU
		{283EF59F-F9D9-4674-8945-E9518DB69860}.Release|x64.ActiveCfg = Release|Any CPU
		{283EF59F-F9D9-4674-8945-E9518DB69860}.Release|x86.ActiveCfg = Release|Any CPU
		{9D5DFE97-EBEC-402E-A70E-E5F897F0AD9D}.Debug|Any CPU.ActiveCfg = Debug|Any CPU
		{9D5DFE97-EBEC-402E-A70E-E5F897F0AD9D}.Debug|Any CPU.Build.0 = Debug|Any CPU
		{9D5DFE97-EBEC-402E-A70E-E5F897F0AD9D}.Debug|x64.ActiveCfg = Debug|Any CPU
		{9D5DFE97-EBEC-402E-A70E-E5F897F0AD9D}.Debug|x86.ActiveCfg = Debug|Any CPU
		{9D5DFE97-EBEC-402E-A70E-E5F897F0AD9D}.Release|Any CPU.ActiveCfg = Release|Any CPU
		{9D5DFE97-EBEC-402E-A70E-E5F897F0AD9D}.Release|Any CPU.Build.0 = Release|Any CPU
		{9D5DFE97-EBEC-402E-A70E-E5F897F0AD9D}.Release|x64.ActiveCfg = Release|Any CPU
		{9D5DFE97-EBEC-402E-A70E-E5F897F0AD9D}.Release|x86.ActiveCfg = Release|Any CPU
		{10E20521-E36C-462B-A867-15DB624A0C8C}.Debug|Any CPU.ActiveCfg = Debug|Any CPU
		{10E20521-E36C-462B-A867-15DB624A0C8C}.Debug|Any CPU.Build.0 = Debug|Any CPU
		{10E20521-E36C-462B-A867-15DB624A0C8C}.Debug|x64.ActiveCfg = Debug|Any CPU
		{10E20521-E36C-462B-A867-15DB624A0C8C}.Debug|x86.ActiveCfg = Debug|Any CPU
		{10E20521-E36C-462B-A867-15DB624A0C8C}.Release|Any CPU.ActiveCfg = Release|Any CPU
		{10E20521-E36C-462B-A867-15DB624A0C8C}.Release|Any CPU.Build.0 = Release|Any CPU
		{10E20521-E36C-462B-A867-15DB624A0C8C}.Release|x64.ActiveCfg = Release|Any CPU
		{10E20521-E36C-462B-A867-15DB624A0C8C}.Release|x86.ActiveCfg = Release|Any CPU
		{EB24B349-609C-41FB-9CE0-5DB696A47CA3}.Debug|Any CPU.ActiveCfg = Debug|Any CPU
		{EB24B349-609C-41FB-9CE0-5DB696A47CA3}.Debug|Any CPU.Build.0 = Debug|Any CPU
		{EB24B349-609C-41FB-9CE0-5DB696A47CA3}.Debug|x64.ActiveCfg = Debug|Any CPU
		{EB24B349-609C-41FB-9CE0-5DB696A47CA3}.Debug|x86.ActiveCfg = Debug|Any CPU
		{EB24B349-609C-41FB-9CE0-5DB696A47CA3}.Release|Any CPU.ActiveCfg = Release|Any CPU
		{EB24B349-609C-41FB-9CE0-5DB696A47CA3}.Release|Any CPU.Build.0 = Release|Any CPU
		{EB24B349-609C-41FB-9CE0-5DB696A47CA3}.Release|x64.ActiveCfg = Release|Any CPU
		{EB24B349-609C-41FB-9CE0-5DB696A47CA3}.Release|x86.ActiveCfg = Release|Any CPU
		{E3D9A16C-BEDF-441B-AE8D-E4843840DBEC}.Debug|Any CPU.ActiveCfg = Debug|Any CPU
		{E3D9A16C-BEDF-441B-AE8D-E4843840DBEC}.Debug|Any CPU.Build.0 = Debug|Any CPU
		{E3D9A16C-BEDF-441B-AE8D-E4843840DBEC}.Debug|x64.ActiveCfg = Debug|Any CPU
		{E3D9A16C-BEDF-441B-AE8D-E4843840DBEC}.Debug|x86.ActiveCfg = Debug|Any CPU
		{E3D9A16C-BEDF-441B-AE8D-E4843840DBEC}.Release|Any CPU.ActiveCfg = Release|Any CPU
		{E3D9A16C-BEDF-441B-AE8D-E4843840DBEC}.Release|Any CPU.Build.0 = Release|Any CPU
		{E3D9A16C-BEDF-441B-AE8D-E4843840DBEC}.Release|x64.ActiveCfg = Release|Any CPU
		{E3D9A16C-BEDF-441B-AE8D-E4843840DBEC}.Release|x86.ActiveCfg = Release|Any CPU
	EndGlobalSection
	GlobalSection(SolutionProperties) = preSolution
		HideSolutionNode = FALSE
	EndGlobalSection
EndGlobal
